
Microsoft Visual Studio Solution File, Format Version 12.00
# Visual Studio Version 17
VisualStudioVersion = 17.7.34031.279
MinimumVisualStudioVersion = 10.0.40219.1
Project("{9A19103F-16F7-4668-BE54-9A1E7A4F7556}") = "ClientCredentialApi", "ClientCredentialApi.csproj", "{F6923D8A-20BD-4DB9-93F9-B72A695E6DDF}"
EndProject
Project("{9A19103F-16F7-4668-BE54-9A1E7A4F7556}") = "ThirdPartyDemo", "..\ThirdPartyDemo\ThirdPartyDemo.csproj", "{8DB107F5-793B-42A5-A802-678AC8BCAE61}"
EndProject
Project("{FAE04EC0-301F-11D3-BF4B-00C04F79EFBC}") = "PwdClient", "..\PwdClient\PwdClient.csproj", "{DE4718C7-34D6-4C23-88F8-04E0A01D5B34}"
EndProject
Global
	GlobalSection(SolutionConfigurationPlatforms) = preSolution
		Debug|Any CPU = Debug|Any CPU
		Release|Any CPU = Release|Any CPU
	EndGlobalSection
	GlobalSection(ProjectConfigurationPlatforms) = postSolution
		{F6923D8A-20BD-4DB9-93F9-B72A695E6DDF}.Debug|Any CPU.ActiveCfg = Debug|Any CPU
		{F6923D8A-20BD-4DB9-93F9-B72A695E6DDF}.Debug|Any CPU.Build.0 = Debug|Any CPU
		{F6923D8A-20BD-4DB9-93F9-B72A695E6DDF}.Release|Any CPU.ActiveCfg = Release|Any CPU
		{F6923D8A-20BD-4DB9-93F9-B72A695E6DDF}.Release|Any CPU.Build.0 = Release|Any CPU
		{8DB107F5-793B-42A5-A802-678AC8BCAE61}.Debug|Any CPU.ActiveCfg = Debug|Any CPU
		{8DB107F5-793B-42A5-A802-678AC8BCAE61}.Debug|Any CPU.Build.0 = Debug|Any CPU
		{8DB107F5-793B-42A5-A802-678AC8BCAE61}.Release|Any CPU.ActiveCfg = Release|Any CPU
		{8DB107F5-793B-42A5-A802-678AC8BCAE61}.Release|Any CPU.Build.0 = Release|Any CPU
		{DE4718C7-34D6-4C23-88F8-04E0A01D5B34}.Debug|Any CPU.ActiveCfg = Debug|Any CPU
		{DE4718C7-34D6-4C23-88F8-04E0A01D5B34}.Debug|Any CPU.Build.0 = Debug|Any CPU
		{DE4718C7-34D6-4C23-88F8-04E0A01D5B34}.Release|Any CPU.ActiveCfg = Release|Any CPU
		{DE4718C7-34D6-4C23-88F8-04E0A01D5B34}.Release|Any CPU.Build.0 = Release|Any CPU
	EndGlobalSection
	GlobalSection(SolutionProperties) = preSolution
		HideSolutionNode = FALSE
	EndGlobalSection
	GlobalSection(ExtensibilityGlobals) = postSolution
		SolutionGuid = {EBA8A784-F174-48C3-9CF5-F0D2D61F5DC1}
	EndGlobalSection
EndGlobal
